// !$*UTF8*$!
{
	archiveVersion = 1;
	classes = {
	};
	objectVersion = 77;
	objects = {

/* Begin PBXBuildFile section */
		D4D626742CEF2C2A00C1D1F7 /* CallDirTestExtension.appex in Embed Foundation Extensions */ = {isa = PBXBuildFile; fileRef = D4D6266D2CEF2C2A00C1D1F7 /* CallDirTestExtension.appex */; settings = {ATTRIBUTES = (RemoveHeadersOnCopy, ); }; };
		D4D626862CEF3A1600C1D1F7 /* CallDirTestNotificationExtension.appex in Embed Foundation Extensions */ = {isa = PBXBuildFile; fileRef = D4D6267F2CEF3A1600C1D1F7 /* CallDirTestNotificationExtension.appex */; settings = {ATTRIBUTES = (RemoveHeadersOnCopy, ); }; };
/* End PBXBuildFile section */

/* Begin PBXContainerItemProxy section */
		D4D626722CEF2C2A00C1D1F7 /* PBXContainerItemProxy */ = {
			isa = PBXContainerItemProxy;
			containerPortal = D4409F0D2CC78A3E00F91778 /* Project object */;
			proxyType = 1;
			remoteGlobalIDString = D4D6266C2CEF2C2A00C1D1F7;
			remoteInfo = CallDirTestExtension;
		};
		D4D626842CEF3A1600C1D1F7 /* PBXContainerItemProxy */ = {
			isa = PBXContainerItemProxy;
			containerPortal = D4409F0D2CC78A3E00F91778 /* Project object */;
			proxyType = 1;
			remoteGlobalIDString = D4D6267E2CEF3A1600C1D1F7;
			remoteInfo = CallDirTestNotificationExtension;
		};
/* End PBXContainerItemProxy section */

/* Begin PBXCopyFilesBuildPhase section */
		D4D626792CEF2C2A00C1D1F7 /* Embed Foundation Extensions */ = {
			isa = PBXCopyFilesBuildPhase;
			buildActionMask = 2147483647;
			dstPath = "";
			dstSubfolderSpec = 13;
			files = (
				D4D626742CEF2C2A00C1D1F7 /* CallDirTestExtension.appex in Embed Foundation Extensions */,
				D4D626862CEF3A1600C1D1F7 /* CallDirTestNotificationExtension.appex in Embed Foundation Extensions */,
			);
			name = "Embed Foundation Extensions";
			runOnlyForDeploymentPostprocessing = 0;
		};
/* End PBXCopyFilesBuildPhase section */

/* Begin PBXFileReference section */
		D466B5542CEF9D0A00935639 /* SwiftUIButtons.app */ = {isa = PBXFileReference; explicitFileType = wrapper.application; includeInIndex = 0; path = SwiftUIButtons.app; sourceTree = BUILT_PRODUCTS_DIR; };
		D495551C2CDBC4210014053E /* SwiftUIKit.app */ = {isa = PBXFileReference; explicitFileType = wrapper.application; includeInIndex = 0; path = SwiftUIKit.app; sourceTree = BUILT_PRODUCTS_DIR; };
		D49555432CDBC5C00014053E /* InitialViewControllerUIKit.app */ = {isa = PBXFileReference; explicitFileType = wrapper.application; includeInIndex = 0; path = InitialViewControllerUIKit.app; sourceTree = BUILT_PRODUCTS_DIR; };
		D49556132CDBD5E20014053E /* LocalizationUIKit.app */ = {isa = PBXFileReference; explicitFileType = wrapper.application; includeInIndex = 0; path = LocalizationUIKit.app; sourceTree = BUILT_PRODUCTS_DIR; };
		D495568C2CDBD9BD0014053E /* README.MD */ = {isa = PBXFileReference; lastKnownFileType = net.daringfireball.markdown; path = README.MD; sourceTree = SOURCE_ROOT; };
		D49556C62CDD083F0014053E /* UITabBarController.app */ = {isa = PBXFileReference; explicitFileType = wrapper.application; includeInIndex = 0; path = UITabBarController.app; sourceTree = BUILT_PRODUCTS_DIR; };
		D4AE8C472CECA81200B9F7B1 /* Websockets.app */ = {isa = PBXFileReference; explicitFileType = wrapper.application; includeInIndex = 0; path = Websockets.app; sourceTree = BUILT_PRODUCTS_DIR; };
		D4D626542CEF2C0F00C1D1F7 /* CallDirTest.app */ = {isa = PBXFileReference; explicitFileType = wrapper.application; includeInIndex = 0; path = CallDirTest.app; sourceTree = BUILT_PRODUCTS_DIR; };
		D4D6266D2CEF2C2A00C1D1F7 /* CallDirTestExtension.appex */ = {isa = PBXFileReference; explicitFileType = "wrapper.app-extension"; includeInIndex = 0; path = CallDirTestExtension.appex; sourceTree = BUILT_PRODUCTS_DIR; };
		D4D6267F2CEF3A1600C1D1F7 /* CallDirTestNotificationExtension.appex */ = {isa = PBXFileReference; explicitFileType = "wrapper.app-extension"; includeInIndex = 0; path = CallDirTestNotificationExtension.appex; sourceTree = BUILT_PRODUCTS_DIR; };
/* End PBXFileReference section */

/* Begin PBXFileSystemSynchronizedBuildFileExceptionSet section */
		D495552F2CDBC4230014053E /* Exceptions for "SwiftUIKit" folder in "SwiftUIKit" target */ = {
			isa = PBXFileSystemSynchronizedBuildFileExceptionSet;
			membershipExceptions = (
				Info.plist,
			);
			target = D495551B2CDBC4210014053E /* SwiftUIKit */;
		};
		D49555542CDBC5C20014053E /* Exceptions for "InitialViewControllerUIKit" folder in "InitialViewControllerUIKit" target */ = {
			isa = PBXFileSystemSynchronizedBuildFileExceptionSet;
			membershipExceptions = (
				Info.plist,
			);
			target = D49555422CDBC5C00014053E /* InitialViewControllerUIKit */;
		};
		D49556242CDBD5E40014053E /* Exceptions for "LocalizationUIKit" folder in "LocalizationUIKit" target */ = {
			isa = PBXFileSystemSynchronizedBuildFileExceptionSet;
			membershipExceptions = (
				Info.plist,
			);
			target = D49556122CDBD5E20014053E /* LocalizationUIKit */;
		};
		D49556D72CDD08430014053E /* Exceptions for "UITabBarController" folder in "UITabBarController" target */ = {
			isa = PBXFileSystemSynchronizedBuildFileExceptionSet;
			membershipExceptions = (
				Info.plist,
			);
			target = D49556C52CDD083F0014053E /* UITabBarController */;
		};
		D4AE8C5A2CECA81300B9F7B1 /* Exceptions for "Websockets" folder in "Websockets" target */ = {
			isa = PBXFileSystemSynchronizedBuildFileExceptionSet;
			membershipExceptions = (
				Info.plist,
			);
			target = D4AE8C462CECA81200B9F7B1 /* Websockets */;
		};
		D4D626672CEF2C1100C1D1F7 /* Exceptions for "CallDirTest" folder in "CallDirTest" target */ = {
			isa = PBXFileSystemSynchronizedBuildFileExceptionSet;
			membershipExceptions = (
				Info.plist,
			);
			target = D4D626532CEF2C0F00C1D1F7 /* CallDirTest */;
		};
		D4D626782CEF2C2A00C1D1F7 /* Exceptions for "CallDirTestExtension" folder in "CallDirTestExtension" target */ = {
			isa = PBXFileSystemSynchronizedBuildFileExceptionSet;
			membershipExceptions = (
				Info.plist,
			);
			target = D4D6266C2CEF2C2A00C1D1F7 /* CallDirTestExtension */;
		};
		D4D6268A2CEF3A1600C1D1F7 /* Exceptions for "CallDirTestNotificationExtension" folder in "CallDirTestNotificationExtension" target */ = {
			isa = PBXFileSystemSynchronizedBuildFileExceptionSet;
			membershipExceptions = (
				Info.plist,
			);
			target = D4D6267E2CEF3A1600C1D1F7 /* CallDirTestNotificationExtension */;
		};
/* End PBXFileSystemSynchronizedBuildFileExceptionSet section */

/* Begin PBXFileSystemSynchronizedRootGroup section */
		D466B5552CEF9D0A00935639 /* SwiftUIButtons */ = {
			isa = PBXFileSystemSynchronizedRootGroup;
			path = SwiftUIButtons;
			sourceTree = "<group>";
		};
		D495551D2CDBC4210014053E /* SwiftUIKit */ = {
			isa = PBXFileSystemSynchronizedRootGroup;
			exceptions = (
				D495552F2CDBC4230014053E /* Exceptions for "SwiftUIKit" folder in "SwiftUIKit" target */,
			);
			path = SwiftUIKit;
			sourceTree = "<group>";
		};
		D49555442CDBC5C00014053E /* InitialViewControllerUIKit */ = {
			isa = PBXFileSystemSynchronizedRootGroup;
			exceptions = (
				D49555542CDBC5C20014053E /* Exceptions for "InitialViewControllerUIKit" folder in "InitialViewControllerUIKit" target */,
			);
			path = InitialViewControllerUIKit;
			sourceTree = "<group>";
		};
		D49556142CDBD5E20014053E /* LocalizationUIKit */ = {
			isa = PBXFileSystemSynchronizedRootGroup;
			exceptions = (
				D49556242CDBD5E40014053E /* Exceptions for "LocalizationUIKit" folder in "LocalizationUIKit" target */,
			);
			path = LocalizationUIKit;
			sourceTree = "<group>";
		};
		D49556C72CDD083F0014053E /* UITabBarController */ = {
			isa = PBXFileSystemSynchronizedRootGroup;
			exceptions = (
				D49556D72CDD08430014053E /* Exceptions for "UITabBarController" folder in "UITabBarController" target */,
			);
			path = UITabBarController;
			sourceTree = "<group>";
		};
		D4AE8C482CECA81200B9F7B1 /* Websockets */ = {
			isa = PBXFileSystemSynchronizedRootGroup;
			exceptions = (
				D4AE8C5A2CECA81300B9F7B1 /* Exceptions for "Websockets" folder in "Websockets" target */,
			);
			path = Websockets;
			sourceTree = "<group>";
		};
		D4D626552CEF2C0F00C1D1F7 /* CallDirTest */ = {
			isa = PBXFileSystemSynchronizedRootGroup;
			exceptions = (
				D4D626672CEF2C1100C1D1F7 /* Exceptions for "CallDirTest" folder in "CallDirTest" target */,
			);
			path = CallDirTest;
			sourceTree = "<group>";
		};
		D4D6266E2CEF2C2A00C1D1F7 /* CallDirTestExtension */ = {
			isa = PBXFileSystemSynchronizedRootGroup;
			exceptions = (
				D4D626782CEF2C2A00C1D1F7 /* Exceptions for "CallDirTestExtension" folder in "CallDirTestExtension" target */,
			);
			path = CallDirTestExtension;
			sourceTree = "<group>";
		};
		D4D626802CEF3A1600C1D1F7 /* CallDirTestNotificationExtension */ = {
			isa = PBXFileSystemSynchronizedRootGroup;
			exceptions = (
				D4D6268A2CEF3A1600C1D1F7 /* Exceptions for "CallDirTestNotificationExtension" folder in "CallDirTestNotificationExtension" target */,
			);
			path = CallDirTestNotificationExtension;
			sourceTree = "<group>";
		};
/* End PBXFileSystemSynchronizedRootGroup section */

/* Begin PBXFrameworksBuildPhase section */
		D466B5512CEF9D0A00935639 /* Frameworks */ = {
			isa = PBXFrameworksBuildPhase;
			buildActionMask = 2147483647;
			files = (
			);
			runOnlyForDeploymentPostprocessing = 0;
		};
		D49555192CDBC4210014053E /* Frameworks */ = {
			isa = PBXFrameworksBuildPhase;
			buildActionMask = 2147483647;
			files = (
			);
			runOnlyForDeploymentPostprocessing = 0;
		};
		D49555402CDBC5C00014053E /* Frameworks */ = {
			isa = PBXFrameworksBuildPhase;
			buildActionMask = 2147483647;
			files = (
			);
			runOnlyForDeploymentPostprocessing = 0;
		};
		D49556102CDBD5E20014053E /* Frameworks */ = {
			isa = PBXFrameworksBuildPhase;
			buildActionMask = 2147483647;
			files = (
			);
			runOnlyForDeploymentPostprocessing = 0;
		};
		D49556C32CDD083F0014053E /* Frameworks */ = {
			isa = PBXFrameworksBuildPhase;
			buildActionMask = 2147483647;
			files = (
			);
			runOnlyForDeploymentPostprocessing = 0;
		};
		D4AE8C442CECA81200B9F7B1 /* Frameworks */ = {
			isa = PBXFrameworksBuildPhase;
			buildActionMask = 2147483647;
			files = (
			);
			runOnlyForDeploymentPostprocessing = 0;
		};
		D4D626512CEF2C0F00C1D1F7 /* Frameworks */ = {
			isa = PBXFrameworksBuildPhase;
			buildActionMask = 2147483647;
			files = (
			);
			runOnlyForDeploymentPostprocessing = 0;
		};
		D4D6266A2CEF2C2A00C1D1F7 /* Frameworks */ = {
			isa = PBXFrameworksBuildPhase;
			buildActionMask = 2147483647;
			files = (
			);
			runOnlyForDeploymentPostprocessing = 0;
		};
		D4D6267C2CEF3A1600C1D1F7 /* Frameworks */ = {
			isa = PBXFrameworksBuildPhase;
			buildActionMask = 2147483647;
			files = (
			);
			runOnlyForDeploymentPostprocessing = 0;
		};
/* End PBXFrameworksBuildPhase section */

/* Begin PBXGroup section */
		D4409F0C2CC78A3E00F91778 = {
			isa = PBXGroup;
			children = (
				D495568C2CDBD9BD0014053E /* README.MD */,
				D49556142CDBD5E20014053E /* LocalizationUIKit */,
				D49556C72CDD083F0014053E /* UITabBarController */,
				D4AE8C482CECA81200B9F7B1 /* Websockets */,
				D4D626552CEF2C0F00C1D1F7 /* CallDirTest */,
				D4D6266E2CEF2C2A00C1D1F7 /* CallDirTestExtension */,
				D4D626802CEF3A1600C1D1F7 /* CallDirTestNotificationExtension */,
				D466B5552CEF9D0A00935639 /* SwiftUIButtons */,
				D49555592CDBD3D80014053E /* Products */,
				D495551D2CDBC4210014053E /* SwiftUIKit */,
				D49555442CDBC5C00014053E /* InitialViewControllerUIKit */,
			);
			sourceTree = "<group>";
		};
		D49555592CDBD3D80014053E /* Products */ = {
			isa = PBXGroup;
			children = (
				D495551C2CDBC4210014053E /* SwiftUIKit.app */,
				D49555432CDBC5C00014053E /* InitialViewControllerUIKit.app */,
				D49556132CDBD5E20014053E /* LocalizationUIKit.app */,
				D49556C62CDD083F0014053E /* UITabBarController.app */,
				D4AE8C472CECA81200B9F7B1 /* Websockets.app */,
				D4D626542CEF2C0F00C1D1F7 /* CallDirTest.app */,
				D4D6266D2CEF2C2A00C1D1F7 /* CallDirTestExtension.appex */,
				D4D6267F2CEF3A1600C1D1F7 /* CallDirTestNotificationExtension.appex */,
				D466B5542CEF9D0A00935639 /* SwiftUIButtons.app */,
			);
			name = Products;
			sourceTree = "<group>";
		};
/* End PBXGroup section */

/* Begin PBXNativeTarget section */
		D466B5532CEF9D0A00935639 /* SwiftUIButtons */ = {
			isa = PBXNativeTarget;
			buildConfigurationList = D466B5612CEF9D0D00935639 /* Build configuration list for PBXNativeTarget "SwiftUIButtons" */;
			buildPhases = (
				D466B5502CEF9D0A00935639 /* Sources */,
				D466B5512CEF9D0A00935639 /* Frameworks */,
				D466B5522CEF9D0A00935639 /* Resources */,
			);
			buildRules = (
			);
			dependencies = (
			);
			fileSystemSynchronizedGroups = (
				D466B5552CEF9D0A00935639 /* SwiftUIButtons */,
			);
			name = SwiftUIButtons;
			packageProductDependencies = (
			);
			productName = SwiftUIButtons;
			productReference = D466B5542CEF9D0A00935639 /* SwiftUIButtons.app */;
			productType = "com.apple.product-type.application";
		};
		D495551B2CDBC4210014053E /* SwiftUIKit */ = {
			isa = PBXNativeTarget;
			buildConfigurationList = D49555302CDBC4230014053E /* Build configuration list for PBXNativeTarget "SwiftUIKit" */;
			buildPhases = (
				D49555182CDBC4210014053E /* Sources */,
				D49555192CDBC4210014053E /* Frameworks */,
				D495551A2CDBC4210014053E /* Resources */,
			);
			buildRules = (
			);
			dependencies = (
			);
			fileSystemSynchronizedGroups = (
				D495551D2CDBC4210014053E /* SwiftUIKit */,
			);
			name = SwiftUIKit;
			packageProductDependencies = (
			);
			productName = SwiftUIKit;
			productReference = D495551C2CDBC4210014053E /* SwiftUIKit.app */;
			productType = "com.apple.product-type.application";
		};
		D49555422CDBC5C00014053E /* InitialViewControllerUIKit */ = {
			isa = PBXNativeTarget;
			buildConfigurationList = D49555552CDBC5C20014053E /* Build configuration list for PBXNativeTarget "InitialViewControllerUIKit" */;
			buildPhases = (
				D495553F2CDBC5C00014053E /* Sources */,
				D49555402CDBC5C00014053E /* Frameworks */,
				D49555412CDBC5C00014053E /* Resources */,
			);
			buildRules = (
			);
			dependencies = (
			);
			fileSystemSynchronizedGroups = (
				D49555442CDBC5C00014053E /* InitialViewControllerUIKit */,
			);
			name = InitialViewControllerUIKit;
			packageProductDependencies = (
			);
			productName = InitialViewControllerUIKit;
			productReference = D49555432CDBC5C00014053E /* InitialViewControllerUIKit.app */;
			productType = "com.apple.product-type.application";
		};
		D49556122CDBD5E20014053E /* LocalizationUIKit */ = {
			isa = PBXNativeTarget;
			buildConfigurationList = D49556252CDBD5E40014053E /* Build configuration list for PBXNativeTarget "LocalizationUIKit" */;
			buildPhases = (
				D495560F2CDBD5E20014053E /* Sources */,
				D49556102CDBD5E20014053E /* Frameworks */,
				D49556112CDBD5E20014053E /* Resources */,
			);
			buildRules = (
			);
			dependencies = (
			);
			fileSystemSynchronizedGroups = (
				D49556142CDBD5E20014053E /* LocalizationUIKit */,
			);
			name = LocalizationUIKit;
			packageProductDependencies = (
			);
			productName = LocalizationUIKit;
			productReference = D49556132CDBD5E20014053E /* LocalizationUIKit.app */;
			productType = "com.apple.product-type.application";
		};
		D49556C52CDD083F0014053E /* UITabBarController */ = {
			isa = PBXNativeTarget;
			buildConfigurationList = D49556D82CDD08430014053E /* Build configuration list for PBXNativeTarget "UITabBarController" */;
			buildPhases = (
				D49556C22CDD083F0014053E /* Sources */,
				D49556C32CDD083F0014053E /* Frameworks */,
				D49556C42CDD083F0014053E /* Resources */,
			);
			buildRules = (
			);
			dependencies = (
			);
			fileSystemSynchronizedGroups = (
				D49556C72CDD083F0014053E /* UITabBarController */,
			);
			name = UITabBarController;
			packageProductDependencies = (
			);
			productName = UITabBarController;
			productReference = D49556C62CDD083F0014053E /* UITabBarController.app */;
			productType = "com.apple.product-type.application";
		};
		D4AE8C462CECA81200B9F7B1 /* Websockets */ = {
			isa = PBXNativeTarget;
			buildConfigurationList = D4AE8C5B2CECA81300B9F7B1 /* Build configuration list for PBXNativeTarget "Websockets" */;
			buildPhases = (
				D4AE8C432CECA81200B9F7B1 /* Sources */,
				D4AE8C442CECA81200B9F7B1 /* Frameworks */,
				D4AE8C452CECA81200B9F7B1 /* Resources */,
			);
			buildRules = (
			);
			dependencies = (
			);
			fileSystemSynchronizedGroups = (
				D4AE8C482CECA81200B9F7B1 /* Websockets */,
			);
			name = Websockets;
			packageProductDependencies = (
			);
			productName = Websockets;
			productReference = D4AE8C472CECA81200B9F7B1 /* Websockets.app */;
			productType = "com.apple.product-type.application";
		};
		D4D626532CEF2C0F00C1D1F7 /* CallDirTest */ = {
			isa = PBXNativeTarget;
			buildConfigurationList = D4D626682CEF2C1100C1D1F7 /* Build configuration list for PBXNativeTarget "CallDirTest" */;
			buildPhases = (
				D4D626502CEF2C0F00C1D1F7 /* Sources */,
				D4D626512CEF2C0F00C1D1F7 /* Frameworks */,
				D4D626522CEF2C0F00C1D1F7 /* Resources */,
				D4D626792CEF2C2A00C1D1F7 /* Embed Foundation Extensions */,
			);
			buildRules = (
			);
			dependencies = (
				D4D626732CEF2C2A00C1D1F7 /* PBXTargetDependency */,
				D4D626852CEF3A1600C1D1F7 /* PBXTargetDependency */,
			);
			fileSystemSynchronizedGroups = (
				D4D626552CEF2C0F00C1D1F7 /* CallDirTest */,
			);
			name = CallDirTest;
			packageProductDependencies = (
			);
			productName = CallDirTest;
			productReference = D4D626542CEF2C0F00C1D1F7 /* CallDirTest.app */;
			productType = "com.apple.product-type.application";
		};
		D4D6266C2CEF2C2A00C1D1F7 /* CallDirTestExtension */ = {
			isa = PBXNativeTarget;
			buildConfigurationList = D4D626752CEF2C2A00C1D1F7 /* Build configuration list for PBXNativeTarget "CallDirTestExtension" */;
			buildPhases = (
				D4D626692CEF2C2A00C1D1F7 /* Sources */,
				D4D6266A2CEF2C2A00C1D1F7 /* Frameworks */,
				D4D6266B2CEF2C2A00C1D1F7 /* Resources */,
			);
			buildRules = (
			);
			dependencies = (
			);
			fileSystemSynchronizedGroups = (
				D4D6266E2CEF2C2A00C1D1F7 /* CallDirTestExtension */,
			);
			name = CallDirTestExtension;
			packageProductDependencies = (
			);
			productName = CallDirTestExtension;
			productReference = D4D6266D2CEF2C2A00C1D1F7 /* CallDirTestExtension.appex */;
			productType = "com.apple.product-type.app-extension";
		};
		D4D6267E2CEF3A1600C1D1F7 /* CallDirTestNotificationExtension */ = {
			isa = PBXNativeTarget;
			buildConfigurationList = D4D626872CEF3A1600C1D1F7 /* Build configuration list for PBXNativeTarget "CallDirTestNotificationExtension" */;
			buildPhases = (
				D4D6267B2CEF3A1600C1D1F7 /* Sources */,
				D4D6267C2CEF3A1600C1D1F7 /* Frameworks */,
				D4D6267D2CEF3A1600C1D1F7 /* Resources */,
			);
			buildRules = (
			);
			dependencies = (
			);
			fileSystemSynchronizedGroups = (
				D4D626802CEF3A1600C1D1F7 /* CallDirTestNotificationExtension */,
			);
			name = CallDirTestNotificationExtension;
			packageProductDependencies = (
			);
			productName = CallDirTestNotificationExtension;
			productReference = D4D6267F2CEF3A1600C1D1F7 /* CallDirTestNotificationExtension.appex */;
			productType = "com.apple.product-type.app-extension";
		};
/* End PBXNativeTarget section */

/* Begin PBXProject section */
		D4409F0D2CC78A3E00F91778 /* Project object */ = {
			isa = PBXProject;
			attributes = {
				BuildIndependentTargetsInParallel = 1;
				LastSwiftUpdateCheck = 1600;
				LastUpgradeCheck = 1600;
				TargetAttributes = {
					D466B5532CEF9D0A00935639 = {
						CreatedOnToolsVersion = 16.0;
					};
					D495551B2CDBC4210014053E = {
						CreatedOnToolsVersion = 16.0;
					};
					D49555422CDBC5C00014053E = {
						CreatedOnToolsVersion = 16.0;
					};
					D49556122CDBD5E20014053E = {
						CreatedOnToolsVersion = 16.0;
					};
					D49556C52CDD083F0014053E = {
						CreatedOnToolsVersion = 16.0;
					};
					D4AE8C462CECA81200B9F7B1 = {
						CreatedOnToolsVersion = 16.0;
					};
					D4D626532CEF2C0F00C1D1F7 = {
						CreatedOnToolsVersion = 16.0;
					};
					D4D6266C2CEF2C2A00C1D1F7 = {
						CreatedOnToolsVersion = 16.0;
					};
					D4D6267E2CEF3A1600C1D1F7 = {
						CreatedOnToolsVersion = 16.0;
					};
				};
			};
			buildConfigurationList = D4409F102CC78A3E00F91778 /* Build configuration list for PBXProject "SwiftExamples" */;
			developmentRegion = en;
			hasScannedForEncodings = 0;
			knownRegions = (
				en,
				Base,
				nb,
				sr,
			);
			mainGroup = D4409F0C2CC78A3E00F91778;
			minimizedProjectReferenceProxies = 1;
			preferredProjectObjectVersion = 77;
			productRefGroup = D49555592CDBD3D80014053E /* Products */;
			projectDirPath = "";
			projectRoot = "";
			targets = (
				D495551B2CDBC4210014053E /* SwiftUIKit */,
				D49555422CDBC5C00014053E /* InitialViewControllerUIKit */,
				D49556122CDBD5E20014053E /* LocalizationUIKit */,
				D49556C52CDD083F0014053E /* UITabBarController */,
				D4AE8C462CECA81200B9F7B1 /* Websockets */,
				D4D626532CEF2C0F00C1D1F7 /* CallDirTest */,
				D4D6266C2CEF2C2A00C1D1F7 /* CallDirTestExtension */,
				D4D6267E2CEF3A1600C1D1F7 /* CallDirTestNotificationExtension */,
				D466B5532CEF9D0A00935639 /* SwiftUIButtons */,
			);
		};
/* End PBXProject section */

/* Begin PBXResourcesBuildPhase section */
		D466B5522CEF9D0A00935639 /* Resources */ = {
			isa = PBXResourcesBuildPhase;
			buildActionMask = 2147483647;
			files = (
			);
			runOnlyForDeploymentPostprocessing = 0;
		};
		D495551A2CDBC4210014053E /* Resources */ = {
			isa = PBXResourcesBuildPhase;
			buildActionMask = 2147483647;
			files = (
			);
			runOnlyForDeploymentPostprocessing = 0;
		};
		D49555412CDBC5C00014053E /* Resources */ = {
			isa = PBXResourcesBuildPhase;
			buildActionMask = 2147483647;
			files = (
			);
			runOnlyForDeploymentPostprocessing = 0;
		};
		D49556112CDBD5E20014053E /* Resources */ = {
			isa = PBXResourcesBuildPhase;
			buildActionMask = 2147483647;
			files = (
			);
			runOnlyForDeploymentPostprocessing = 0;
		};
		D49556C42CDD083F0014053E /* Resources */ = {
			isa = PBXResourcesBuildPhase;
			buildActionMask = 2147483647;
			files = (
			);
			runOnlyForDeploymentPostprocessing = 0;
		};
		D4AE8C452CECA81200B9F7B1 /* Resources */ = {
			isa = PBXResourcesBuildPhase;
			buildActionMask = 2147483647;
			files = (
			);
			runOnlyForDeploymentPostprocessing = 0;
		};
		D4D626522CEF2C0F00C1D1F7 /* Resources */ = {
			isa = PBXResourcesBuildPhase;
			buildActionMask = 2147483647;
			files = (
			);
			runOnlyForDeploymentPostprocessing = 0;
		};
		D4D6266B2CEF2C2A00C1D1F7 /* Resources */ = {
			isa = PBXResourcesBuildPhase;
			buildActionMask = 2147483647;
			files = (
			);
			runOnlyForDeploymentPostprocessing = 0;
		};
		D4D6267D2CEF3A1600C1D1F7 /* Resources */ = {
			isa = PBXResourcesBuildPhase;
			buildActionMask = 2147483647;
			files = (
			);
			runOnlyForDeploymentPostprocessing = 0;
		};
/* End PBXResourcesBuildPhase section */

/* Begin PBXSourcesBuildPhase section */
		D466B5502CEF9D0A00935639 /* Sources */ = {
			isa = PBXSourcesBuildPhase;
			buildActionMask = 2147483647;
			files = (
			);
			runOnlyForDeploymentPostprocessing = 0;
		};
		D49555182CDBC4210014053E /* Sources */ = {
			isa = PBXSourcesBuildPhase;
			buildActionMask = 2147483647;
			files = (
			);
			runOnlyForDeploymentPostprocessing = 0;
		};
		D495553F2CDBC5C00014053E /* Sources */ = {
			isa = PBXSourcesBuildPhase;
			buildActionMask = 2147483647;
			files = (
			);
			runOnlyForDeploymentPostprocessing = 0;
		};
		D495560F2CDBD5E20014053E /* Sources */ = {
			isa = PBXSourcesBuildPhase;
			buildActionMask = 2147483647;
			files = (
			);
			runOnlyForDeploymentPostprocessing = 0;
		};
		D49556C22CDD083F0014053E /* Sources */ = {
			isa = PBXSourcesBuildPhase;
			buildActionMask = 2147483647;
			files = (
			);
			runOnlyForDeploymentPostprocessing = 0;
		};
		D4AE8C432CECA81200B9F7B1 /* Sources */ = {
			isa = PBXSourcesBuildPhase;
			buildActionMask = 2147483647;
			files = (
			);
			runOnlyForDeploymentPostprocessing = 0;
		};
		D4D626502CEF2C0F00C1D1F7 /* Sources */ = {
			isa = PBXSourcesBuildPhase;
			buildActionMask = 2147483647;
			files = (
			);
			runOnlyForDeploymentPostprocessing = 0;
		};
		D4D626692CEF2C2A00C1D1F7 /* Sources */ = {
			isa = PBXSourcesBuildPhase;
			buildActionMask = 2147483647;
			files = (
			);
			runOnlyForDeploymentPostprocessing = 0;
		};
		D4D6267B2CEF3A1600C1D1F7 /* Sources */ = {
			isa = PBXSourcesBuildPhase;
			buildActionMask = 2147483647;
			files = (
			);
			runOnlyForDeploymentPostprocessing = 0;
		};
/* End PBXSourcesBuildPhase section */

/* Begin PBXTargetDependency section */
		D4D626732CEF2C2A00C1D1F7 /* PBXTargetDependency */ = {
			isa = PBXTargetDependency;
			target = D4D6266C2CEF2C2A00C1D1F7 /* CallDirTestExtension */;
			targetProxy = D4D626722CEF2C2A00C1D1F7 /* PBXContainerItemProxy */;
		};
		D4D626852CEF3A1600C1D1F7 /* PBXTargetDependency */ = {
			isa = PBXTargetDependency;
			target = D4D6267E2CEF3A1600C1D1F7 /* CallDirTestNotificationExtension */;
			targetProxy = D4D626842CEF3A1600C1D1F7 /* PBXContainerItemProxy */;
		};
/* End PBXTargetDependency section */

/* Begin XCBuildConfiguration section */
		D4409F222CC78A4100F91778 /* Debug */ = {
			isa = XCBuildConfiguration;
			buildSettings = {
				ALWAYS_SEARCH_USER_PATHS = NO;
				ASSETCATALOG_COMPILER_GENERATE_SWIFT_ASSET_SYMBOL_EXTENSIONS = YES;
				CLANG_ANALYZER_NONNULL = YES;
				CLANG_ANALYZER_NUMBER_OBJECT_CONVERSION = YES_AGGRESSIVE;
				CLANG_CXX_LANGUAGE_STANDARD = "gnu++20";
				CLANG_ENABLE_MODULES = YES;
				CLANG_ENABLE_OBJC_ARC = YES;
				CLANG_ENABLE_OBJC_WEAK = YES;
				CLANG_WARN_BLOCK_CAPTURE_AUTORELEASING = YES;
				CLANG_WARN_BOOL_CONVERSION = YES;
				CLANG_WARN_COMMA = YES;
				CLANG_WARN_CONSTANT_CONVERSION = YES;
				CLANG_WARN_DEPRECATED_OBJC_IMPLEMENTATIONS = YES;
				CLANG_WARN_DIRECT_OBJC_ISA_USAGE = YES_ERROR;
				CLANG_WARN_DOCUMENTATION_COMMENTS = YES;
				CLANG_WARN_EMPTY_BODY = YES;
				CLANG_WARN_ENUM_CONVERSION = YES;
				CLANG_WARN_INFINITE_RECURSION = YES;
				CLANG_WARN_INT_CONVERSION = YES;
				CLANG_WARN_NON_LITERAL_NULL_CONVERSION = YES;
				CLANG_WARN_OBJC_IMPLICIT_RETAIN_SELF = YES;
				CLANG_WARN_OBJC_LITERAL_CONVERSION = YES;
				CLANG_WARN_OBJC_ROOT_CLASS = YES_ERROR;
				CLANG_WARN_QUOTED_INCLUDE_IN_FRAMEWORK_HEADER = YES;
				CLANG_WARN_RANGE_LOOP_ANALYSIS = YES;
				CLANG_WARN_STRICT_PROTOTYPES = YES;
				CLANG_WARN_SUSPICIOUS_MOVE = YES;
				CLANG_WARN_UNGUARDED_AVAILABILITY = YES_AGGRESSIVE;
				CLANG_WARN_UNREACHABLE_CODE = YES;
				CLANG_WARN__DUPLICATE_METHOD_MATCH = YES;
				COPY_PHASE_STRIP = NO;
				DEBUG_INFORMATION_FORMAT = dwarf;
				ENABLE_STRICT_OBJC_MSGSEND = YES;
				ENABLE_TESTABILITY = YES;
				ENABLE_USER_SCRIPT_SANDBOXING = YES;
				GCC_C_LANGUAGE_STANDARD = gnu17;
				GCC_DYNAMIC_NO_PIC = NO;
				GCC_NO_COMMON_BLOCKS = YES;
				GCC_OPTIMIZATION_LEVEL = 0;
				GCC_PREPROCESSOR_DEFINITIONS = (
					"DEBUG=1",
					"$(inherited)",
				);
				GCC_WARN_64_TO_32_BIT_CONVERSION = YES;
				GCC_WARN_ABOUT_RETURN_TYPE = YES_ERROR;
				GCC_WARN_UNDECLARED_SELECTOR = YES;
				GCC_WARN_UNINITIALIZED_AUTOS = YES_AGGRESSIVE;
				GCC_WARN_UNUSED_FUNCTION = YES;
				GCC_WARN_UNUSED_VARIABLE = YES;
				LOCALIZATION_PREFERS_STRING_CATALOGS = YES;
				MTL_ENABLE_DEBUG_INFO = INCLUDE_SOURCE;
				MTL_FAST_MATH = YES;
				ONLY_ACTIVE_ARCH = YES;
				SWIFT_ACTIVE_COMPILATION_CONDITIONS = "DEBUG $(inherited)";
				SWIFT_OPTIMIZATION_LEVEL = "-Onone";
			};
			name = Debug;
		};
		D4409F232CC78A4100F91778 /* Release */ = {
			isa = XCBuildConfiguration;
			buildSettings = {
				ALWAYS_SEARCH_USER_PATHS = NO;
				ASSETCATALOG_COMPILER_GENERATE_SWIFT_ASSET_SYMBOL_EXTENSIONS = YES;
				CLANG_ANALYZER_NONNULL = YES;
				CLANG_ANALYZER_NUMBER_OBJECT_CONVERSION = YES_AGGRESSIVE;
				CLANG_CXX_LANGUAGE_STANDARD = "gnu++20";
				CLANG_ENABLE_MODULES = YES;
				CLANG_ENABLE_OBJC_ARC = YES;
				CLANG_ENABLE_OBJC_WEAK = YES;
				CLANG_WARN_BLOCK_CAPTURE_AUTORELEASING = YES;
				CLANG_WARN_BOOL_CONVERSION = YES;
				CLANG_WARN_COMMA = YES;
				CLANG_WARN_CONSTANT_CONVERSION = YES;
				CLANG_WARN_DEPRECATED_OBJC_IMPLEMENTATIONS = YES;
				CLANG_WARN_DIRECT_OBJC_ISA_USAGE = YES_ERROR;
				CLANG_WARN_DOCUMENTATION_COMMENTS = YES;
				CLANG_WARN_EMPTY_BODY = YES;
				CLANG_WARN_ENUM_CONVERSION = YES;
				CLANG_WARN_INFINITE_RECURSION = YES;
				CLANG_WARN_INT_CONVERSION = YES;
				CLANG_WARN_NON_LITERAL_NULL_CONVERSION = YES;
				CLANG_WARN_OBJC_IMPLICIT_RETAIN_SELF = YES;
				CLANG_WARN_OBJC_LITERAL_CONVERSION = YES;
				CLANG_WARN_OBJC_ROOT_CLASS = YES_ERROR;
				CLANG_WARN_QUOTED_INCLUDE_IN_FRAMEWORK_HEADER = YES;
				CLANG_WARN_RANGE_LOOP_ANALYSIS = YES;
				CLANG_WARN_STRICT_PROTOTYPES = YES;
				CLANG_WARN_SUSPICIOUS_MOVE = YES;
				CLANG_WARN_UNGUARDED_AVAILABILITY = YES_AGGRESSIVE;
				CLANG_WARN_UNREACHABLE_CODE = YES;
				CLANG_WARN__DUPLICATE_METHOD_MATCH = YES;
				COPY_PHASE_STRIP = NO;
				DEBUG_INFORMATION_FORMAT = "dwarf-with-dsym";
				ENABLE_NS_ASSERTIONS = NO;
				ENABLE_STRICT_OBJC_MSGSEND = YES;
				ENABLE_USER_SCRIPT_SANDBOXING = YES;
				GCC_C_LANGUAGE_STANDARD = gnu17;
				GCC_NO_COMMON_BLOCKS = YES;
				GCC_WARN_64_TO_32_BIT_CONVERSION = YES;
				GCC_WARN_ABOUT_RETURN_TYPE = YES_ERROR;
				GCC_WARN_UNDECLARED_SELECTOR = YES;
				GCC_WARN_UNINITIALIZED_AUTOS = YES_AGGRESSIVE;
				GCC_WARN_UNUSED_FUNCTION = YES;
				GCC_WARN_UNUSED_VARIABLE = YES;
				LOCALIZATION_PREFERS_STRING_CATALOGS = YES;
				MTL_ENABLE_DEBUG_INFO = NO;
				MTL_FAST_MATH = YES;
				SWIFT_COMPILATION_MODE = wholemodule;
			};
			name = Release;
		};
		D466B55F2CEF9D0D00935639 /* Debug */ = {
			isa = XCBuildConfiguration;
			buildSettings = {
				ASSETCATALOG_COMPILER_APPICON_NAME = AppIcon;
				ASSETCATALOG_COMPILER_GLOBAL_ACCENT_COLOR_NAME = AccentColor;
				CODE_SIGN_STYLE = Automatic;
				CURRENT_PROJECT_VERSION = 1;
				DEVELOPMENT_ASSET_PATHS = "\"SwiftUIButtons/Preview Content\"";
				DEVELOPMENT_TEAM = 6A4CVPX5J3;
				ENABLE_PREVIEWS = YES;
				GENERATE_INFOPLIST_FILE = YES;
				INFOPLIST_KEY_UIApplicationSceneManifest_Generation = YES;
				INFOPLIST_KEY_UIApplicationSupportsIndirectInputEvents = YES;
				INFOPLIST_KEY_UILaunchScreen_Generation = YES;
				INFOPLIST_KEY_UISupportedInterfaceOrientations_iPad = "UIInterfaceOrientationPortrait UIInterfaceOrientationPortraitUpsideDown UIInterfaceOrientationLandscapeLeft UIInterfaceOrientationLandscapeRight";
				INFOPLIST_KEY_UISupportedInterfaceOrientations_iPhone = "UIInterfaceOrientationPortrait UIInterfaceOrientationLandscapeLeft UIInterfaceOrientationLandscapeRight";
				IPHONEOS_DEPLOYMENT_TARGET = 18.0;
				LD_RUNPATH_SEARCH_PATHS = (
					"$(inherited)",
					"@executable_path/Frameworks",
				);
				MARKETING_VERSION = 1.0;
				PRODUCT_BUNDLE_IDENTIFIER = zeljko.SwiftUIButtons;
				PRODUCT_NAME = "$(TARGET_NAME)";
				SDKROOT = iphoneos;
				SWIFT_EMIT_LOC_STRINGS = YES;
				SWIFT_VERSION = 5.0;
				TARGETED_DEVICE_FAMILY = "1,2";
			};
			name = Debug;
		};
		D466B5602CEF9D0D00935639 /* Release */ = {
			isa = XCBuildConfiguration;
			buildSettings = {
				ASSETCATALOG_COMPILER_APPICON_NAME = AppIcon;
				ASSETCATALOG_COMPILER_GLOBAL_ACCENT_COLOR_NAME = AccentColor;
				CODE_SIGN_STYLE = Automatic;
				CURRENT_PROJECT_VERSION = 1;
				DEVELOPMENT_ASSET_PATHS = "\"SwiftUIButtons/Preview Content\"";
				DEVELOPMENT_TEAM = 6A4CVPX5J3;
				ENABLE_PREVIEWS = YES;
				GENERATE_INFOPLIST_FILE = YES;
				INFOPLIST_KEY_UIApplicationSceneManifest_Generation = YES;
				INFOPLIST_KEY_UIApplicationSupportsIndirectInputEvents = YES;
				INFOPLIST_KEY_UILaunchScreen_Generation = YES;
				INFOPLIST_KEY_UISupportedInterfaceOrientations_iPad = "UIInterfaceOrientationPortrait UIInterfaceOrientationPortraitUpsideDown UIInterfaceOrientationLandscapeLeft UIInterfaceOrientationLandscapeRight";
				INFOPLIST_KEY_UISupportedInterfaceOrientations_iPhone = "UIInterfaceOrientationPortrait UIInterfaceOrientationLandscapeLeft UIInterfaceOrientationLandscapeRight";
				IPHONEOS_DEPLOYMENT_TARGET = 18.0;
				LD_RUNPATH_SEARCH_PATHS = (
					"$(inherited)",
					"@executable_path/Frameworks",
				);
				MARKETING_VERSION = 1.0;
				PRODUCT_BUNDLE_IDENTIFIER = zeljko.SwiftUIButtons;
				PRODUCT_NAME = "$(TARGET_NAME)";
				SDKROOT = iphoneos;
				SWIFT_EMIT_LOC_STRINGS = YES;
				SWIFT_VERSION = 5.0;
				TARGETED_DEVICE_FAMILY = "1,2";
				VALIDATE_PRODUCT = YES;
			};
			name = Release;
		};
		D495552D2CDBC4230014053E /* Debug */ = {
			isa = XCBuildConfiguration;
			buildSettings = {
				ASSETCATALOG_COMPILER_APPICON_NAME = AppIcon;
				ASSETCATALOG_COMPILER_GLOBAL_ACCENT_COLOR_NAME = AccentColor;
				CODE_SIGN_STYLE = Automatic;
				CURRENT_PROJECT_VERSION = 1;
				DEVELOPMENT_TEAM = "";
				GENERATE_INFOPLIST_FILE = YES;
				INFOPLIST_FILE = SwiftUIKit/Info.plist;
				INFOPLIST_KEY_UIApplicationSupportsIndirectInputEvents = YES;
				INFOPLIST_KEY_UISupportedInterfaceOrientations_iPad = "UIInterfaceOrientationPortrait UIInterfaceOrientationPortraitUpsideDown UIInterfaceOrientationLandscapeLeft UIInterfaceOrientationLandscapeRight";
				INFOPLIST_KEY_UISupportedInterfaceOrientations_iPhone = "UIInterfaceOrientationPortrait UIInterfaceOrientationLandscapeLeft UIInterfaceOrientationLandscapeRight";
				IPHONEOS_DEPLOYMENT_TARGET = 16.6;
				LD_RUNPATH_SEARCH_PATHS = (
					"$(inherited)",
					"@executable_path/Frameworks",
				);
				MARKETING_VERSION = 1.0;
				PRODUCT_BUNDLE_IDENTIFIER = zeljko.SwiftUIKit;
				PRODUCT_NAME = "$(TARGET_NAME)";
				SDKROOT = iphoneos;
				SUPPORTED_PLATFORMS = "iphoneos iphonesimulator";
				SUPPORTS_MACCATALYST = NO;
				SUPPORTS_MAC_DESIGNED_FOR_IPHONE_IPAD = NO;
				SUPPORTS_XR_DESIGNED_FOR_IPHONE_IPAD = NO;
				SWIFT_EMIT_LOC_STRINGS = YES;
				SWIFT_VERSION = 5.0;
				TARGETED_DEVICE_FAMILY = 1;
			};
			name = Debug;
		};
		D495552E2CDBC4230014053E /* Release */ = {
			isa = XCBuildConfiguration;
			buildSettings = {
				ASSETCATALOG_COMPILER_APPICON_NAME = AppIcon;
				ASSETCATALOG_COMPILER_GLOBAL_ACCENT_COLOR_NAME = AccentColor;
				CODE_SIGN_STYLE = Automatic;
				CURRENT_PROJECT_VERSION = 1;
				DEVELOPMENT_TEAM = "";
				GENERATE_INFOPLIST_FILE = YES;
				INFOPLIST_FILE = SwiftUIKit/Info.plist;
				INFOPLIST_KEY_UIApplicationSupportsIndirectInputEvents = YES;
				INFOPLIST_KEY_UISupportedInterfaceOrientations_iPad = "UIInterfaceOrientationPortrait UIInterfaceOrientationPortraitUpsideDown UIInterfaceOrientationLandscapeLeft UIInterfaceOrientationLandscapeRight";
				INFOPLIST_KEY_UISupportedInterfaceOrientations_iPhone = "UIInterfaceOrientationPortrait UIInterfaceOrientationLandscapeLeft UIInterfaceOrientationLandscapeRight";
				IPHONEOS_DEPLOYMENT_TARGET = 16.6;
				LD_RUNPATH_SEARCH_PATHS = (
					"$(inherited)",
					"@executable_path/Frameworks",
				);
				MARKETING_VERSION = 1.0;
				PRODUCT_BUNDLE_IDENTIFIER = zeljko.SwiftUIKit;
				PRODUCT_NAME = "$(TARGET_NAME)";
				SDKROOT = iphoneos;
				SUPPORTED_PLATFORMS = "iphoneos iphonesimulator";
				SUPPORTS_MACCATALYST = NO;
				SUPPORTS_MAC_DESIGNED_FOR_IPHONE_IPAD = NO;
				SUPPORTS_XR_DESIGNED_FOR_IPHONE_IPAD = NO;
				SWIFT_EMIT_LOC_STRINGS = YES;
				SWIFT_VERSION = 5.0;
				TARGETED_DEVICE_FAMILY = 1;
				VALIDATE_PRODUCT = YES;
			};
			name = Release;
		};
		D49555562CDBC5C20014053E /* Debug */ = {
			isa = XCBuildConfiguration;
			buildSettings = {
				ASSETCATALOG_COMPILER_APPICON_NAME = AppIcon;
				ASSETCATALOG_COMPILER_GLOBAL_ACCENT_COLOR_NAME = AccentColor;
				CODE_SIGN_STYLE = Automatic;
				CURRENT_PROJECT_VERSION = 1;
				DEVELOPMENT_TEAM = "";
				GENERATE_INFOPLIST_FILE = YES;
				INFOPLIST_FILE = InitialViewControllerUIKit/Info.plist;
				INFOPLIST_KEY_UIApplicationSupportsIndirectInputEvents = YES;
				INFOPLIST_KEY_UISupportedInterfaceOrientations_iPad = "UIInterfaceOrientationPortrait UIInterfaceOrientationPortraitUpsideDown UIInterfaceOrientationLandscapeLeft UIInterfaceOrientationLandscapeRight";
				INFOPLIST_KEY_UISupportedInterfaceOrientations_iPhone = "UIInterfaceOrientationPortrait UIInterfaceOrientationLandscapeLeft UIInterfaceOrientationLandscapeRight";
				IPHONEOS_DEPLOYMENT_TARGET = 18.0;
				LD_RUNPATH_SEARCH_PATHS = (
					"$(inherited)",
					"@executable_path/Frameworks",
				);
				MARKETING_VERSION = 1.0;
				PRODUCT_BUNDLE_IDENTIFIER = zeljko.InitialViewControllerUIKit;
				PRODUCT_NAME = "$(TARGET_NAME)";
				SDKROOT = iphoneos;
				SUPPORTED_PLATFORMS = "iphoneos iphonesimulator";
				SUPPORTS_MACCATALYST = NO;
				SUPPORTS_MAC_DESIGNED_FOR_IPHONE_IPAD = NO;
				SUPPORTS_XR_DESIGNED_FOR_IPHONE_IPAD = NO;
				SWIFT_EMIT_LOC_STRINGS = YES;
				SWIFT_VERSION = 5.0;
				TARGETED_DEVICE_FAMILY = 1;
			};
			name = Debug;
		};
		D49555572CDBC5C20014053E /* Release */ = {
			isa = XCBuildConfiguration;
			buildSettings = {
				ASSETCATALOG_COMPILER_APPICON_NAME = AppIcon;
				ASSETCATALOG_COMPILER_GLOBAL_ACCENT_COLOR_NAME = AccentColor;
				CODE_SIGN_STYLE = Automatic;
				CURRENT_PROJECT_VERSION = 1;
				DEVELOPMENT_TEAM = "";
				GENERATE_INFOPLIST_FILE = YES;
				INFOPLIST_FILE = InitialViewControllerUIKit/Info.plist;
				INFOPLIST_KEY_UIApplicationSupportsIndirectInputEvents = YES;
				INFOPLIST_KEY_UISupportedInterfaceOrientations_iPad = "UIInterfaceOrientationPortrait UIInterfaceOrientationPortraitUpsideDown UIInterfaceOrientationLandscapeLeft UIInterfaceOrientationLandscapeRight";
				INFOPLIST_KEY_UISupportedInterfaceOrientations_iPhone = "UIInterfaceOrientationPortrait UIInterfaceOrientationLandscapeLeft UIInterfaceOrientationLandscapeRight";
				IPHONEOS_DEPLOYMENT_TARGET = 18.0;
				LD_RUNPATH_SEARCH_PATHS = (
					"$(inherited)",
					"@executable_path/Frameworks",
				);
				MARKETING_VERSION = 1.0;
				PRODUCT_BUNDLE_IDENTIFIER = zeljko.InitialViewControllerUIKit;
				PRODUCT_NAME = "$(TARGET_NAME)";
				SDKROOT = iphoneos;
				SUPPORTED_PLATFORMS = "iphoneos iphonesimulator";
				SUPPORTS_MACCATALYST = NO;
				SUPPORTS_MAC_DESIGNED_FOR_IPHONE_IPAD = NO;
				SUPPORTS_XR_DESIGNED_FOR_IPHONE_IPAD = NO;
				SWIFT_EMIT_LOC_STRINGS = YES;
				SWIFT_VERSION = 5.0;
				TARGETED_DEVICE_FAMILY = 1;
				VALIDATE_PRODUCT = YES;
			};
			name = Release;
		};
		D49556262CDBD5E40014053E /* Debug */ = {
			isa = XCBuildConfiguration;
			buildSettings = {
				ASSETCATALOG_COMPILER_APPICON_NAME = AppIcon;
				ASSETCATALOG_COMPILER_GLOBAL_ACCENT_COLOR_NAME = AccentColor;
				CODE_SIGN_STYLE = Automatic;
				CURRENT_PROJECT_VERSION = 1;
				DEVELOPMENT_TEAM = "";
				GENERATE_INFOPLIST_FILE = YES;
				INFOPLIST_FILE = LocalizationUIKit/Info.plist;
				INFOPLIST_KEY_UIApplicationSupportsIndirectInputEvents = YES;
				INFOPLIST_KEY_UISupportedInterfaceOrientations_iPad = "UIInterfaceOrientationPortrait UIInterfaceOrientationPortraitUpsideDown UIInterfaceOrientationLandscapeLeft UIInterfaceOrientationLandscapeRight";
				INFOPLIST_KEY_UISupportedInterfaceOrientations_iPhone = "UIInterfaceOrientationPortrait UIInterfaceOrientationLandscapeLeft UIInterfaceOrientationLandscapeRight";
				IPHONEOS_DEPLOYMENT_TARGET = 18.0;
				LD_RUNPATH_SEARCH_PATHS = (
					"$(inherited)",
					"@executable_path/Frameworks",
				);
				MARKETING_VERSION = 1.0;
				PRODUCT_BUNDLE_IDENTIFIER = zeljko.LocalizationUIKit;
				PRODUCT_NAME = "$(TARGET_NAME)";
				SDKROOT = iphoneos;
				SWIFT_EMIT_LOC_STRINGS = YES;
				SWIFT_VERSION = 5.0;
				TARGETED_DEVICE_FAMILY = "1,2";
			};
			name = Debug;
		};
		D49556272CDBD5E40014053E /* Release */ = {
			isa = XCBuildConfiguration;
			buildSettings = {
				ASSETCATALOG_COMPILER_APPICON_NAME = AppIcon;
				ASSETCATALOG_COMPILER_GLOBAL_ACCENT_COLOR_NAME = AccentColor;
				CODE_SIGN_STYLE = Automatic;
				CURRENT_PROJECT_VERSION = 1;
				DEVELOPMENT_TEAM = "";
				GENERATE_INFOPLIST_FILE = YES;
				INFOPLIST_FILE = LocalizationUIKit/Info.plist;
				INFOPLIST_KEY_UIApplicationSupportsIndirectInputEvents = YES;
				INFOPLIST_KEY_UISupportedInterfaceOrientations_iPad = "UIInterfaceOrientationPortrait UIInterfaceOrientationPortraitUpsideDown UIInterfaceOrientationLandscapeLeft UIInterfaceOrientationLandscapeRight";
				INFOPLIST_KEY_UISupportedInterfaceOrientations_iPhone = "UIInterfaceOrientationPortrait UIInterfaceOrientationLandscapeLeft UIInterfaceOrientationLandscapeRight";
				IPHONEOS_DEPLOYMENT_TARGET = 18.0;
				LD_RUNPATH_SEARCH_PATHS = (
					"$(inherited)",
					"@executable_path/Frameworks",
				);
				MARKETING_VERSION = 1.0;
				PRODUCT_BUNDLE_IDENTIFIER = zeljko.LocalizationUIKit;
				PRODUCT_NAME = "$(TARGET_NAME)";
				SDKROOT = iphoneos;
				SWIFT_EMIT_LOC_STRINGS = YES;
				SWIFT_VERSION = 5.0;
				TARGETED_DEVICE_FAMILY = "1,2";
				VALIDATE_PRODUCT = YES;
			};
			name = Release;
		};
		D49556D92CDD08430014053E /* Debug */ = {
			isa = XCBuildConfiguration;
			buildSettings = {
				ASSETCATALOG_COMPILER_APPICON_NAME = AppIcon;
				ASSETCATALOG_COMPILER_GLOBAL_ACCENT_COLOR_NAME = AccentColor;
				CODE_SIGN_STYLE = Automatic;
				CURRENT_PROJECT_VERSION = 1;
				GENERATE_INFOPLIST_FILE = YES;
				INFOPLIST_FILE = UITabBarController/Info.plist;
				INFOPLIST_KEY_UIApplicationSupportsIndirectInputEvents = YES;
				INFOPLIST_KEY_UILaunchStoryboardName = "Launch Screen.storyboard";
				INFOPLIST_KEY_UISupportedInterfaceOrientations_iPad = "UIInterfaceOrientationPortrait UIInterfaceOrientationPortraitUpsideDown UIInterfaceOrientationLandscapeLeft UIInterfaceOrientationLandscapeRight";
				INFOPLIST_KEY_UISupportedInterfaceOrientations_iPhone = "UIInterfaceOrientationPortrait UIInterfaceOrientationLandscapeLeft UIInterfaceOrientationLandscapeRight";
				IPHONEOS_DEPLOYMENT_TARGET = 18.0;
				LD_RUNPATH_SEARCH_PATHS = (
					"$(inherited)",
					"@executable_path/Frameworks",
				);
				MARKETING_VERSION = 1.0;
				PRODUCT_BUNDLE_IDENTIFIER = zeljko.UITabBarController;
				PRODUCT_NAME = "$(TARGET_NAME)";
				SDKROOT = iphoneos;
				SWIFT_EMIT_LOC_STRINGS = YES;
				SWIFT_VERSION = 5.0;
				TARGETED_DEVICE_FAMILY = "1,2";
			};
			name = Debug;
		};
		D49556DA2CDD08430014053E /* Release */ = {
			isa = XCBuildConfiguration;
			buildSettings = {
				ASSETCATALOG_COMPILER_APPICON_NAME = AppIcon;
				ASSETCATALOG_COMPILER_GLOBAL_ACCENT_COLOR_NAME = AccentColor;
				CODE_SIGN_STYLE = Automatic;
				CURRENT_PROJECT_VERSION = 1;
				GENERATE_INFOPLIST_FILE = YES;
				INFOPLIST_FILE = UITabBarController/Info.plist;
				INFOPLIST_KEY_UIApplicationSupportsIndirectInputEvents = YES;
				INFOPLIST_KEY_UILaunchStoryboardName = "Launch Screen.storyboard";
				INFOPLIST_KEY_UISupportedInterfaceOrientations_iPad = "UIInterfaceOrientationPortrait UIInterfaceOrientationPortraitUpsideDown UIInterfaceOrientationLandscapeLeft UIInterfaceOrientationLandscapeRight";
				INFOPLIST_KEY_UISupportedInterfaceOrientations_iPhone = "UIInterfaceOrientationPortrait UIInterfaceOrientationLandscapeLeft UIInterfaceOrientationLandscapeRight";
				IPHONEOS_DEPLOYMENT_TARGET = 18.0;
				LD_RUNPATH_SEARCH_PATHS = (
					"$(inherited)",
					"@executable_path/Frameworks",
				);
				MARKETING_VERSION = 1.0;
				PRODUCT_BUNDLE_IDENTIFIER = zeljko.UITabBarController;
				PRODUCT_NAME = "$(TARGET_NAME)";
				SDKROOT = iphoneos;
				SWIFT_EMIT_LOC_STRINGS = YES;
				SWIFT_VERSION = 5.0;
				TARGETED_DEVICE_FAMILY = "1,2";
				VALIDATE_PRODUCT = YES;
			};
			name = Release;
		};
		D4AE8C582CECA81300B9F7B1 /* Debug */ = {
			isa = XCBuildConfiguration;
			buildSettings = {
				ASSETCATALOG_COMPILER_APPICON_NAME = AppIcon;
				ASSETCATALOG_COMPILER_GLOBAL_ACCENT_COLOR_NAME = AccentColor;
				CODE_SIGN_STYLE = Automatic;
				CURRENT_PROJECT_VERSION = 1;
				GENERATE_INFOPLIST_FILE = YES;
				INFOPLIST_FILE = Websockets/Info.plist;
				INFOPLIST_KEY_UIApplicationSupportsIndirectInputEvents = YES;
				INFOPLIST_KEY_UILaunchStoryboardName = LaunchScreen;
				INFOPLIST_KEY_UIMainStoryboardFile = Main;
				INFOPLIST_KEY_UISupportedInterfaceOrientations_iPad = "UIInterfaceOrientationPortrait UIInterfaceOrientationPortraitUpsideDown UIInterfaceOrientationLandscapeLeft UIInterfaceOrientationLandscapeRight";
				INFOPLIST_KEY_UISupportedInterfaceOrientations_iPhone = "UIInterfaceOrientationPortrait UIInterfaceOrientationLandscapeLeft UIInterfaceOrientationLandscapeRight";
				IPHONEOS_DEPLOYMENT_TARGET = 18.0;
				LD_RUNPATH_SEARCH_PATHS = (
					"$(inherited)",
					"@executable_path/Frameworks",
				);
				MARKETING_VERSION = 1.0;
				PRODUCT_BUNDLE_IDENTIFIER = zeljko.Websockets;
				PRODUCT_NAME = "$(TARGET_NAME)";
				SDKROOT = iphoneos;
				SWIFT_EMIT_LOC_STRINGS = YES;
				SWIFT_VERSION = 5.0;
				TARGETED_DEVICE_FAMILY = "1,2";
			};
			name = Debug;
		};
		D4AE8C592CECA81300B9F7B1 /* Release */ = {
			isa = XCBuildConfiguration;
			buildSettings = {
				ASSETCATALOG_COMPILER_APPICON_NAME = AppIcon;
				ASSETCATALOG_COMPILER_GLOBAL_ACCENT_COLOR_NAME = AccentColor;
				CODE_SIGN_STYLE = Automatic;
				CURRENT_PROJECT_VERSION = 1;
				GENERATE_INFOPLIST_FILE = YES;
				INFOPLIST_FILE = Websockets/Info.plist;
				INFOPLIST_KEY_UIApplicationSupportsIndirectInputEvents = YES;
				INFOPLIST_KEY_UILaunchStoryboardName = LaunchScreen;
				INFOPLIST_KEY_UIMainStoryboardFile = Main;
				INFOPLIST_KEY_UISupportedInterfaceOrientations_iPad = "UIInterfaceOrientationPortrait UIInterfaceOrientationPortraitUpsideDown UIInterfaceOrientationLandscapeLeft UIInterfaceOrientationLandscapeRight";
				INFOPLIST_KEY_UISupportedInterfaceOrientations_iPhone = "UIInterfaceOrientationPortrait UIInterfaceOrientationLandscapeLeft UIInterfaceOrientationLandscapeRight";
				IPHONEOS_DEPLOYMENT_TARGET = 18.0;
				LD_RUNPATH_SEARCH_PATHS = (
					"$(inherited)",
					"@executable_path/Frameworks",
				);
				MARKETING_VERSION = 1.0;
				PRODUCT_BUNDLE_IDENTIFIER = zeljko.Websockets;
				PRODUCT_NAME = "$(TARGET_NAME)";
				SDKROOT = iphoneos;
				SWIFT_EMIT_LOC_STRINGS = YES;
				SWIFT_VERSION = 5.0;
				TARGETED_DEVICE_FAMILY = "1,2";
				VALIDATE_PRODUCT = YES;
			};
			name = Release;
		};
		D4D626652CEF2C1100C1D1F7 /* Debug */ = {
			isa = XCBuildConfiguration;
			buildSettings = {
				ASSETCATALOG_COMPILER_APPICON_NAME = AppIcon;
				ASSETCATALOG_COMPILER_GLOBAL_ACCENT_COLOR_NAME = AccentColor;
				CODE_SIGN_STYLE = Automatic;
				CURRENT_PROJECT_VERSION = 1;
				DEVELOPMENT_TEAM = 6A4CVPX5J3;
				GENERATE_INFOPLIST_FILE = YES;
				INFOPLIST_FILE = CallDirTest/Info.plist;
				INFOPLIST_KEY_UIApplicationSupportsIndirectInputEvents = YES;
				INFOPLIST_KEY_UILaunchStoryboardName = LaunchScreen;
				INFOPLIST_KEY_UIMainStoryboardFile = Main;
				INFOPLIST_KEY_UISupportedInterfaceOrientations_iPad = "UIInterfaceOrientationPortrait UIInterfaceOrientationPortraitUpsideDown UIInterfaceOrientationLandscapeLeft UIInterfaceOrientationLandscapeRight";
				INFOPLIST_KEY_UISupportedInterfaceOrientations_iPhone = "UIInterfaceOrientationPortrait UIInterfaceOrientationLandscapeLeft UIInterfaceOrientationLandscapeRight";
				IPHONEOS_DEPLOYMENT_TARGET = 16.6;
				LD_RUNPATH_SEARCH_PATHS = (
					"$(inherited)",
					"@executable_path/Frameworks",
				);
				MARKETING_VERSION = 1.0;
				PRODUCT_BUNDLE_IDENTIFIER = zeljko.Websockets.CallDirTest;
				PRODUCT_NAME = "$(TARGET_NAME)";
				SDKROOT = iphoneos;
				SWIFT_EMIT_LOC_STRINGS = YES;
				SWIFT_VERSION = 5.0;
				TARGETED_DEVICE_FAMILY = "1,2";
			};
			name = Debug;
		};
		D4D626662CEF2C1100C1D1F7 /* Release */ = {
			isa = XCBuildConfiguration;
			buildSettings = {
				ASSETCATALOG_COMPILER_APPICON_NAME = AppIcon;
				ASSETCATALOG_COMPILER_GLOBAL_ACCENT_COLOR_NAME = AccentColor;
				CODE_SIGN_STYLE = Automatic;
				CURRENT_PROJECT_VERSION = 1;
				DEVELOPMENT_TEAM = 6A4CVPX5J3;
				GENERATE_INFOPLIST_FILE = YES;
				INFOPLIST_FILE = CallDirTest/Info.plist;
				INFOPLIST_KEY_UIApplicationSupportsIndirectInputEvents = YES;
				INFOPLIST_KEY_UILaunchStoryboardName = LaunchScreen;
				INFOPLIST_KEY_UIMainStoryboardFile = Main;
				INFOPLIST_KEY_UISupportedInterfaceOrientations_iPad = "UIInterfaceOrientationPortrait UIInterfaceOrientationPortraitUpsideDown UIInterfaceOrientationLandscapeLeft UIInterfaceOrientationLandscapeRight";
				INFOPLIST_KEY_UISupportedInterfaceOrientations_iPhone = "UIInterfaceOrientationPortrait UIInterfaceOrientationLandscapeLeft UIInterfaceOrientationLandscapeRight";
				IPHONEOS_DEPLOYMENT_TARGET = 16.6;
				LD_RUNPATH_SEARCH_PATHS = (
					"$(inherited)",
					"@executable_path/Frameworks",
				);
				MARKETING_VERSION = 1.0;
				PRODUCT_BUNDLE_IDENTIFIER = zeljko.Websockets.CallDirTest;
				PRODUCT_NAME = "$(TARGET_NAME)";
				SDKROOT = iphoneos;
				SWIFT_EMIT_LOC_STRINGS = YES;
				SWIFT_VERSION = 5.0;
				TARGETED_DEVICE_FAMILY = "1,2";
				VALIDATE_PRODUCT = YES;
			};
			name = Release;
		};
		D4D626762CEF2C2A00C1D1F7 /* Debug */ = {
			isa = XCBuildConfiguration;
			buildSettings = {
				ARCHS = "$(ARCHS_STANDARD_64_BIT)";
				CODE_SIGN_ENTITLEMENTS = CallDirTestExtension/CallDirTestExtension.entitlements;
				CODE_SIGN_STYLE = Automatic;
				CURRENT_PROJECT_VERSION = 1;
				DEFINES_MODULE = YES;
				DEVELOPMENT_TEAM = 6A4CVPX5J3;
				GENERATE_INFOPLIST_FILE = YES;
				INFOPLIST_FILE = CallDirTestExtension/Info.plist;
				INFOPLIST_KEY_CFBundleDisplayName = CallDirTestExtension;
				INFOPLIST_KEY_NSHumanReadableCopyright = "";
				IPHONEOS_DEPLOYMENT_TARGET = 15.6;
				LD_RUNPATH_SEARCH_PATHS = (
					"$(inherited)",
					"@executable_path/Frameworks",
					"@executable_path/../../Frameworks",
				);
				MARKETING_VERSION = 1.0;
				PRODUCT_BUNDLE_IDENTIFIER = zeljko.Websockets.CallDirTest.CallDirTestExtension;
				PRODUCT_NAME = "$(TARGET_NAME)";
				SDKROOT = iphoneos;
				SKIP_INSTALL = YES;
				SUPPORTED_PLATFORMS = "iphoneos iphonesimulator";
				SUPPORTS_MACCATALYST = NO;
				SUPPORTS_MAC_DESIGNED_FOR_IPHONE_IPAD = NO;
				SUPPORTS_XR_DESIGNED_FOR_IPHONE_IPAD = NO;
				SWIFT_EMIT_LOC_STRINGS = YES;
				SWIFT_VERSION = 5.0;
				TARGETED_DEVICE_FAMILY = 1;
				VERSIONING_SYSTEM = "apple-generic";
			};
			name = Debug;
		};
		D4D626772CEF2C2A00C1D1F7 /* Release */ = {
			isa = XCBuildConfiguration;
			buildSettings = {
				ARCHS = "$(ARCHS_STANDARD_64_BIT)";
				CODE_SIGN_ENTITLEMENTS = CallDirTestExtension/CallDirTestExtension.entitlements;
				CODE_SIGN_STYLE = Automatic;
				CURRENT_PROJECT_VERSION = 1;
				DEFINES_MODULE = YES;
				DEVELOPMENT_TEAM = 6A4CVPX5J3;
				GENERATE_INFOPLIST_FILE = YES;
				INFOPLIST_FILE = CallDirTestExtension/Info.plist;
				INFOPLIST_KEY_CFBundleDisplayName = CallDirTestExtension;
				INFOPLIST_KEY_NSHumanReadableCopyright = "";
				IPHONEOS_DEPLOYMENT_TARGET = 15.6;
				LD_RUNPATH_SEARCH_PATHS = (
					"$(inherited)",
					"@executable_path/Frameworks",
					"@executable_path/../../Frameworks",
				);
				MARKETING_VERSION = 1.0;
				PRODUCT_BUNDLE_IDENTIFIER = zeljko.Websockets.CallDirTest.CallDirTestExtension;
				PRODUCT_NAME = "$(TARGET_NAME)";
				SDKROOT = iphoneos;
				SKIP_INSTALL = YES;
				SUPPORTED_PLATFORMS = "iphoneos iphonesimulator";
				SUPPORTS_MACCATALYST = NO;
				SUPPORTS_MAC_DESIGNED_FOR_IPHONE_IPAD = NO;
				SUPPORTS_XR_DESIGNED_FOR_IPHONE_IPAD = NO;
				SWIFT_EMIT_LOC_STRINGS = YES;
				SWIFT_VERSION = 5.0;
				TARGETED_DEVICE_FAMILY = 1;
				VALIDATE_PRODUCT = YES;
				VERSIONING_SYSTEM = "apple-generic";
			};
			name = Release;
		};
		D4D626882CEF3A1600C1D1F7 /* Debug */ = {
			isa = XCBuildConfiguration;
			buildSettings = {
				CODE_SIGN_STYLE = Automatic;
				CURRENT_PROJECT_VERSION = 1;
				DEVELOPMENT_TEAM = 6A4CVPX5J3;
				GENERATE_INFOPLIST_FILE = YES;
				INFOPLIST_FILE = CallDirTestNotificationExtension/Info.plist;
				INFOPLIST_KEY_CFBundleDisplayName = CallDirTestNotificationExtension;
				INFOPLIST_KEY_NSHumanReadableCopyright = "";
				IPHONEOS_DEPLOYMENT_TARGET = 18.0;
				LD_RUNPATH_SEARCH_PATHS = (
					"$(inherited)",
					"@executable_path/Frameworks",
					"@executable_path/../../Frameworks",
				);
				MARKETING_VERSION = 1.0;
				PRODUCT_BUNDLE_IDENTIFIER = zeljko.Websockets.CallDirTest.CallDirTestNotificationExtension;
				PRODUCT_NAME = "$(TARGET_NAME)";
				SDKROOT = iphoneos;
				SKIP_INSTALL = YES;
				SUPPORTED_PLATFORMS = "iphoneos iphonesimulator";
				SUPPORTS_MACCATALYST = NO;
				SWIFT_EMIT_LOC_STRINGS = YES;
				SWIFT_VERSION = 5.0;
				TARGETED_DEVICE_FAMILY = 1;
			};
			name = Debug;
		};
		D4D626892CEF3A1600C1D1F7 /* Release */ = {
			isa = XCBuildConfiguration;
			buildSettings = {
				CODE_SIGN_STYLE = Automatic;
				CURRENT_PROJECT_VERSION = 1;
				DEVELOPMENT_TEAM = 6A4CVPX5J3;
				GENERATE_INFOPLIST_FILE = YES;
				INFOPLIST_FILE = CallDirTestNotificationExtension/Info.plist;
				INFOPLIST_KEY_CFBundleDisplayName = CallDirTestNotificationExtension;
				INFOPLIST_KEY_NSHumanReadableCopyright = "";
				IPHONEOS_DEPLOYMENT_TARGET = 18.0;
				LD_RUNPATH_SEARCH_PATHS = (
					"$(inherited)",
					"@executable_path/Frameworks",
					"@executable_path/../../Frameworks",
				);
				MARKETING_VERSION = 1.0;
				PRODUCT_BUNDLE_IDENTIFIER = zeljko.Websockets.CallDirTest.CallDirTestNotificationExtension;
				PRODUCT_NAME = "$(TARGET_NAME)";
				SDKROOT = iphoneos;
				SKIP_INSTALL = YES;
				SUPPORTED_PLATFORMS = "iphoneos iphonesimulator";
				SUPPORTS_MACCATALYST = NO;
				SWIFT_EMIT_LOC_STRINGS = YES;
				SWIFT_VERSION = 5.0;
				TARGETED_DEVICE_FAMILY = 1;
				VALIDATE_PRODUCT = YES;
			};
			name = Release;
		};
/* End XCBuildConfiguration section */

/* Begin XCConfigurationList section */
		D4409F102CC78A3E00F91778 /* Build configuration list for PBXProject "SwiftExamples" */ = {
			isa = XCConfigurationList;
			buildConfigurations = (
				D4409F222CC78A4100F91778 /* Debug */,
				D4409F232CC78A4100F91778 /* Release */,
			);
			defaultConfigurationIsVisible = 0;
			defaultConfigurationName = Release;
		};
		D466B5612CEF9D0D00935639 /* Build configuration list for PBXNativeTarget "SwiftUIButtons" */ = {
			isa = XCConfigurationList;
			buildConfigurations = (
				D466B55F2CEF9D0D00935639 /* Debug */,
				D466B5602CEF9D0D00935639 /* Release */,
			);
			defaultConfigurationIsVisible = 0;
			defaultConfigurationName = Release;
		};
		D49555302CDBC4230014053E /* Build configuration list for PBXNativeTarget "SwiftUIKit" */ = {
			isa = XCConfigurationList;
			buildConfigurations = (
				D495552D2CDBC4230014053E /* Debug */,
				D495552E2CDBC4230014053E /* Release */,
			);
			defaultConfigurationIsVisible = 0;
			defaultConfigurationName = Release;
		};
		D49555552CDBC5C20014053E /* Build configuration list for PBXNativeTarget "InitialViewControllerUIKit" */ = {
			isa = XCConfigurationList;
			buildConfigurations = (
				D49555562CDBC5C20014053E /* Debug */,
				D49555572CDBC5C20014053E /* Release */,
			);
			defaultConfigurationIsVisible = 0;
			defaultConfigurationName = Release;
		};
		D49556252CDBD5E40014053E /* Build configuration list for PBXNativeTarget "LocalizationUIKit" */ = {
			isa = XCConfigurationList;
			buildConfigurations = (
				D49556262CDBD5E40014053E /* Debug */,
				D49556272CDBD5E40014053E /* Release */,
			);
			defaultConfigurationIsVisible = 0;
			defaultConfigurationName = Release;
		};
		D49556D82CDD08430014053E /* Build configuration list for PBXNativeTarget "UITabBarController" */ = {
			isa = XCConfigurationList;
			buildConfigurations = (
				D49556D92CDD08430014053E /* Debug */,
				D49556DA2CDD08430014053E /* Release */,
			);
			defaultConfigurationIsVisible = 0;
			defaultConfigurationName = Release;
		};
		D4AE8C5B2CECA81300B9F7B1 /* Build configuration list for PBXNativeTarget "Websockets" */ = {
			isa = XCConfigurationList;
			buildConfigurations = (
				D4AE8C582CECA81300B9F7B1 /* Debug */,
				D4AE8C592CECA81300B9F7B1 /* Release */,
			);
			defaultConfigurationIsVisible = 0;
			defaultConfigurationName = Release;
		};
		D4D626682CEF2C1100C1D1F7 /* Build configuration list for PBXNativeTarget "CallDirTest" */ = {
			isa = XCConfigurationList;
			buildConfigurations = (
				D4D626652CEF2C1100C1D1F7 /* Debug */,
				D4D626662CEF2C1100C1D1F7 /* Release */,
			);
			defaultConfigurationIsVisible = 0;
			defaultConfigurationName = Release;
		};
		D4D626752CEF2C2A00C1D1F7 /* Build configuration list for PBXNativeTarget "CallDirTestExtension" */ = {
			isa = XCConfigurationList;
			buildConfigurations = (
				D4D626762CEF2C2A00C1D1F7 /* Debug */,
				D4D626772CEF2C2A00C1D1F7 /* Release */,
			);
			defaultConfigurationIsVisible = 0;
			defaultConfigurationName = Release;
		};
		D4D626872CEF3A1600C1D1F7 /* Build configuration list for PBXNativeTarget "CallDirTestNotificationExtension" */ = {
			isa = XCConfigurationList;
			buildConfigurations = (
				D4D626882CEF3A1600C1D1F7 /* Debug */,
				D4D626892CEF3A1600C1D1F7 /* Release */,
			);
			defaultConfigurationIsVisible = 0;
			defaultConfigurationName = Release;
		};
/* End XCConfigurationList section */
	};
	rootObject = D4409F0D2CC78A3E00F91778 /* Project object */;
}
